
Microsoft Visual Studio Solution File, Format Version 12.00
# Visual Studio Version 17
VisualStudioVersion = 17.13.35931.197
MinimumVisualStudioVersion = 10.0.40219.1
Project("{FAE04EC0-301F-11D3-BF4B-00C04F79EFBC}") = "QuatroCleanUpBackend", "QuatroCleanUpBackend\QuatroCleanUpBackend.csproj", "{4A5B727C-D693-4274-BB21-CE6BFE4EE752}"
EndProject
Project("{FAE04EC0-301F-11D3-BF4B-00C04F79EFBC}") = "QuatroCleanUpApi", "QuatroCleanUpApi\QuatroCleanUpApi.csproj", "{FBFA70F1-60FD-490F-A5D4-134D480FE285}"
EndProject
Project("{FAE04EC0-301F-11D3-BF4B-00C04F79EFBC}") = "EventTests", "EventTests\EventTests.csproj", "{659C784C-FA7D-4A0B-9AB3-5E0A395979E8}"
EndProject
Project("{FAE04EC0-301F-11D3-BF4B-00C04F79EFBC}") = "QuatroCleanUpEventTests", "QuatroCleanUpEventTests\QuatroCleanUpEventTests.csproj", "{9103F127-4A09-4781-B065-CFCCE0FBC11F}"
EndProject
Global
	GlobalSection(SolutionConfigurationPlatforms) = preSolution
		Debug|Any CPU = Debug|Any CPU
		Release|Any CPU = Release|Any CPU
	EndGlobalSection
	GlobalSection(ProjectConfigurationPlatforms) = postSolution
		{4A5B727C-D693-4274-BB21-CE6BFE4EE752}.Debug|Any CPU.ActiveCfg = Debug|Any CPU
		{4A5B727C-D693-4274-BB21-CE6BFE4EE752}.Debug|Any CPU.Build.0 = Debug|Any CPU
		{4A5B727C-D693-4274-BB21-CE6BFE4EE752}.Release|Any CPU.ActiveCfg = Release|Any CPU
		{4A5B727C-D693-4274-BB21-CE6BFE4EE752}.Release|Any CPU.Build.0 = Release|Any CPU
		{FBFA70F1-60FD-490F-A5D4-134D480FE285}.Debug|Any CPU.ActiveCfg = Debug|Any CPU
		{FBFA70F1-60FD-490F-A5D4-134D480FE285}.Debug|Any CPU.Build.0 = Debug|Any CPU
		{FBFA70F1-60FD-490F-A5D4-134D480FE285}.Release|Any CPU.ActiveCfg = Release|Any CPU
		{FBFA70F1-60FD-490F-A5D4-134D480FE285}.Release|Any CPU.Build.0 = Release|Any CPU
		{659C784C-FA7D-4A0B-9AB3-5E0A395979E8}.Debug|Any CPU.ActiveCfg = Debug|Any CPU
		{659C784C-FA7D-4A0B-9AB3-5E0A395979E8}.Debug|Any CPU.Build.0 = Debug|Any CPU
		{659C784C-FA7D-4A0B-9AB3-5E0A395979E8}.Release|Any CPU.ActiveCfg = Release|Any CPU
		{659C784C-FA7D-4A0B-9AB3-5E0A395979E8}.Release|Any CPU.Build.0 = Release|Any CPU
		{9103F127-4A09-4781-B065-CFCCE0FBC11F}.Debug|Any CPU.ActiveCfg = Debug|Any CPU
		{9103F127-4A09-4781-B065-CFCCE0FBC11F}.Debug|Any CPU.Build.0 = Debug|Any CPU
		{9103F127-4A09-4781-B065-CFCCE0FBC11F}.Release|Any CPU.ActiveCfg = Release|Any CPU
		{9103F127-4A09-4781-B065-CFCCE0FBC11F}.Release|Any CPU.Build.0 = Release|Any CPU
	EndGlobalSection
	GlobalSection(SolutionProperties) = preSolution
		HideSolutionNode = FALSE
	EndGlobalSection
	GlobalSection(ExtensibilityGlobals) = postSolution
		SolutionGuid = {134852C7-CC02-4F7D-972E-974E3EB9FD4E}
	EndGlobalSection
EndGlobal
